
Microsoft Visual Studio Solution File, Format Version 11.00
# Visual Studio 2010
Project("{FAE04EC0-301F-11D3-BF4B-00C04F79EFBC}") = "Assembly-CSharp", "Assembly-CSharp.csproj", "{5F2FFC26-1EF7-C019-6DC0-2549035D0FA9}"
EndProject
Project("{FAE04EC0-301F-11D3-BF4B-00C04F79EFBC}") = "SimpleInput.Runtime", "SimpleInput.Runtime.csproj", "{65187A5B-1400-4175-9A69-B69F14E002B6}"
EndProject
Project("{FAE04EC0-301F-11D3-BF4B-00C04F79EFBC}") = "SimpleInput.Editor", "SimpleInput.Editor.csproj", "{5EAA554F-7B3C-1ECC-B6D3-40738A74B840}"
EndProject
Global
	GlobalSection(SolutionConfigurationPlatforms) = preSolution
		Debug|Any CPU = Debug|Any CPU
		Release|Any CPU = Release|Any CPU
	EndGlobalSection
	GlobalSection(ProjectConfigurationPlatforms) = postSolution
		{5F2FFC26-1EF7-C019-6DC0-2549035D0FA9}.Debug|Any CPU.ActiveCfg = Debug|Any CPU
		{5F2FFC26-1EF7-C019-6DC0-2549035D0FA9}.Debug|Any CPU.Build.0 = Debug|Any CPU
		{5F2FFC26-1EF7-C019-6DC0-2549035D0FA9}.Release|Any CPU.ActiveCfg = Release|Any CPU
		{5F2FFC26-1EF7-C019-6DC0-2549035D0FA9}.Release|Any CPU.Build.0 = Release|Any CPU
		{65187A5B-1400-4175-9A69-B69F14E002B6}.Debug|Any CPU.ActiveCfg = Debug|Any CPU
		{65187A5B-1400-4175-9A69-B69F14E002B6}.Debug|Any CPU.Build.0 = Debug|Any CPU
		{65187A5B-1400-4175-9A69-B69F14E002B6}.Release|Any CPU.ActiveCfg = Release|Any CPU
		{65187A5B-1400-4175-9A69-B69F14E002B6}.Release|Any CPU.Build.0 = Release|Any CPU
		{5EAA554F-7B3C-1ECC-B6D3-40738A74B840}.Debug|Any CPU.ActiveCfg = Debug|Any CPU
		{5EAA554F-7B3C-1ECC-B6D3-40738A74B840}.Debug|Any CPU.Build.0 = Debug|Any CPU
		{5EAA554F-7B3C-1ECC-B6D3-40738A74B840}.Release|Any CPU.ActiveCfg = Release|Any CPU
		{5EAA554F-7B3C-1ECC-B6D3-40738A74B840}.Release|Any CPU.Build.0 = Release|Any CPU
	EndGlobalSection
	GlobalSection(SolutionProperties) = preSolution
		HideSolutionNode = FALSE
	EndGlobalSection
	GlobalSection(MonoDevelopProperties) = preSolution
		StartupItem = Assembly-CSharp.csproj
	EndGlobalSection
EndGlobal
